// !$*UTF8*$!
{
	archiveVersion = 1;
	classes = {
	};
	objectVersion = 55;
	objects = {

/* Begin PBXBuildFile section */
		344C00F72935B4B6001D7917 /* AppDelegate.swift in Sources */ = {isa = PBXBuildFile; fileRef = 344C00F62935B4B6001D7917 /* AppDelegate.swift */; };
		344C00F92935B4B6001D7917 /* SceneDelegate.swift in Sources */ = {isa = PBXBuildFile; fileRef = 344C00F82935B4B6001D7917 /* SceneDelegate.swift */; };
		344C00FB2935B4B6001D7917 /* ViewController.swift in Sources */ = {isa = PBXBuildFile; fileRef = 344C00FA2935B4B6001D7917 /* ViewController.swift */; };
		344C00FE2935B4B6001D7917 /* Main.storyboard in Resources */ = {isa = PBXBuildFile; fileRef = 344C00FC2935B4B6001D7917 /* Main.storyboard */; };
		344C01002935B4B6001D7917 /* Assets.xcassets in Resources */ = {isa = PBXBuildFile; fileRef = 344C00FF2935B4B6001D7917 /* Assets.xcassets */; };
		344C01032935B4B6001D7917 /* LaunchScreen.storyboard in Resources */ = {isa = PBXBuildFile; fileRef = 344C01012935B4B6001D7917 /* LaunchScreen.storyboard */; };
		344C010E2935B4B6001D7917 /* CityViewModelTests.swift in Sources */ = {isa = PBXBuildFile; fileRef = 344C010D2935B4B6001D7917 /* CityViewModelTests.swift */; };
		344C012C2935C79B001D7917 /* Network.swift in Sources */ = {isa = PBXBuildFile; fileRef = 344C012B2935C79B001D7917 /* Network.swift */; };
		344C01312935DEA1001D7917 /* CityViewController.swift in Sources */ = {isa = PBXBuildFile; fileRef = 344C012F2935DEA1001D7917 /* CityViewController.swift */; };
		344C01322935DEA1001D7917 /* CityViewController.xib in Resources */ = {isa = PBXBuildFile; fileRef = 344C01302935DEA1001D7917 /* CityViewController.xib */; };
		344C013429360FD7001D7917 /* BaseResponse.swift in Sources */ = {isa = PBXBuildFile; fileRef = 344C013329360FD7001D7917 /* BaseResponse.swift */; };
		344C013629361013001D7917 /* Weather.swift in Sources */ = {isa = PBXBuildFile; fileRef = 344C013529361013001D7917 /* Weather.swift */; };
		344C013829361130001D7917 /* CityViewModel.swift in Sources */ = {isa = PBXBuildFile; fileRef = 344C013729361130001D7917 /* CityViewModel.swift */; };
		349EA799295311A8008BE39C /* WeatherService.swift in Sources */ = {isa = PBXBuildFile; fileRef = 349EA798295311A8008BE39C /* WeatherService.swift */; };
		349EA79B295311B3008BE39C /* SearchService.swift in Sources */ = {isa = PBXBuildFile; fileRef = 349EA79A295311B3008BE39C /* SearchService.swift */; };
		34A52CED2938447700DD6890 /* WeatherEndpoint.swift in Sources */ = {isa = PBXBuildFile; fileRef = 34A52CEC2938447700DD6890 /* WeatherEndpoint.swift */; };
		34A6CF3D293994E800E6F5AD /* Array+getElementMatching.swift in Sources */ = {isa = PBXBuildFile; fileRef = 34A6CF3C293994E800E6F5AD /* Array+getElementMatching.swift */; };
		34A6CF3F2939AE2600E6F5AD /* ErrorResponse.swift in Sources */ = {isa = PBXBuildFile; fileRef = 34A6CF3E2939AE2600E6F5AD /* ErrorResponse.swift */; };
		34A6CF412939BB1800E6F5AD /* UIViewController+showAlert.swift in Sources */ = {isa = PBXBuildFile; fileRef = 34A6CF402939BB1800E6F5AD /* UIViewController+showAlert.swift */; };
		34A6CF43293A007400E6F5AD /* SearchViewModelTest.swift in Sources */ = {isa = PBXBuildFile; fileRef = 34A6CF42293A007400E6F5AD /* SearchViewModelTest.swift */; };
		34A8E1192936F3D1001E25BD /* UIImageView+loadFromUrl.swift in Sources */ = {isa = PBXBuildFile; fileRef = 34A8E1182936F3D1001E25BD /* UIImageView+loadFromUrl.swift */; };
		34A8E11B29370660001E25BD /* SearchViewModel.swift in Sources */ = {isa = PBXBuildFile; fileRef = 34A8E11A29370660001E25BD /* SearchViewModel.swift */; };
		34A8E11D29370AF3001E25BD /* City.swift in Sources */ = {isa = PBXBuildFile; fileRef = 34A8E11C29370AF3001E25BD /* City.swift */; };
		34A8E11F29375D87001E25BD /* BaseEndpoint.swift in Sources */ = {isa = PBXBuildFile; fileRef = 34A8E11E29375D87001E25BD /* BaseEndpoint.swift */; };
		34A8E12229375F08001E25BD /* SearchEndpoint.swift in Sources */ = {isa = PBXBuildFile; fileRef = 34A8E12129375F08001E25BD /* SearchEndpoint.swift */; };
		34AA88A0293DD25D00865A98 /* String+handleWhiteSpace.swift in Sources */ = {isa = PBXBuildFile; fileRef = 34AA889F293DD25D00865A98 /* String+handleWhiteSpace.swift */; };
		34ACD97A29541BFC0089947C /* UserDefaultsHelper.swift in Sources */ = {isa = PBXBuildFile; fileRef = 34ACD97929541BFC0089947C /* UserDefaultsHelper.swift */; };
		34ACD97D29541C2E0089947C /* UserDefaultsKey.swift in Sources */ = {isa = PBXBuildFile; fileRef = 34ACD97C29541C2E0089947C /* UserDefaultsKey.swift */; };
		34BA27AC2950152B00DBFC47 /* String+subscript.swift in Sources */ = {isa = PBXBuildFile; fileRef = 34BA27AB2950152B00DBFC47 /* String+subscript.swift */; };
		34BA27AE29501E8000DBFC47 /* UIViewController+keyboard.swift in Sources */ = {isa = PBXBuildFile; fileRef = 34BA27AD29501E8000DBFC47 /* UIViewController+keyboard.swift */; };
		34C8417F293F3554009E732B /* NetworkTests.swift in Sources */ = {isa = PBXBuildFile; fileRef = 34C8417E293F3554009E732B /* NetworkTests.swift */; };
/* End PBXBuildFile section */

/* Begin PBXContainerItemProxy section */
		344C010A2935B4B6001D7917 /* PBXContainerItemProxy */ = {
			isa = PBXContainerItemProxy;
			containerPortal = 344C00EB2935B4B5001D7917 /* Project object */;
			proxyType = 1;
			remoteGlobalIDString = 344C00F22935B4B5001D7917;
			remoteInfo = WeatherApp;
		};
/* End PBXContainerItemProxy section */

/* Begin PBXFileReference section */
		344C00F32935B4B5001D7917 /* WeatherApp.app */ = {isa = PBXFileReference; explicitFileType = wrapper.application; includeInIndex = 0; path = WeatherApp.app; sourceTree = BUILT_PRODUCTS_DIR; };
		344C00F62935B4B6001D7917 /* AppDelegate.swift */ = {isa = PBXFileReference; lastKnownFileType = sourcecode.swift; path = AppDelegate.swift; sourceTree = "<group>"; };
		344C00F82935B4B6001D7917 /* SceneDelegate.swift */ = {isa = PBXFileReference; lastKnownFileType = sourcecode.swift; path = SceneDelegate.swift; sourceTree = "<group>"; };
		344C00FA2935B4B6001D7917 /* ViewController.swift */ = {isa = PBXFileReference; lastKnownFileType = sourcecode.swift; path = ViewController.swift; sourceTree = "<group>"; };
		344C00FD2935B4B6001D7917 /* Base */ = {isa = PBXFileReference; lastKnownFileType = file.storyboard; name = Base; path = Base.lproj/Main.storyboard; sourceTree = "<group>"; };
		344C00FF2935B4B6001D7917 /* Assets.xcassets */ = {isa = PBXFileReference; lastKnownFileType = folder.assetcatalog; path = Assets.xcassets; sourceTree = "<group>"; };
		344C01022935B4B6001D7917 /* Base */ = {isa = PBXFileReference; lastKnownFileType = file.storyboard; name = Base; path = Base.lproj/LaunchScreen.storyboard; sourceTree = "<group>"; };
		344C01042935B4B6001D7917 /* Info.plist */ = {isa = PBXFileReference; lastKnownFileType = text.plist.xml; path = Info.plist; sourceTree = "<group>"; };
		344C01092935B4B6001D7917 /* WeatherAppTests.xctest */ = {isa = PBXFileReference; explicitFileType = wrapper.cfbundle; includeInIndex = 0; path = WeatherAppTests.xctest; sourceTree = BUILT_PRODUCTS_DIR; };
		344C010D2935B4B6001D7917 /* CityViewModelTests.swift */ = {isa = PBXFileReference; lastKnownFileType = sourcecode.swift; path = CityViewModelTests.swift; sourceTree = "<group>"; };
		344C012B2935C79B001D7917 /* Network.swift */ = {isa = PBXFileReference; lastKnownFileType = sourcecode.swift; path = Network.swift; sourceTree = "<group>"; };
		344C012F2935DEA1001D7917 /* CityViewController.swift */ = {isa = PBXFileReference; lastKnownFileType = sourcecode.swift; path = CityViewController.swift; sourceTree = "<group>"; };
		344C01302935DEA1001D7917 /* CityViewController.xib */ = {isa = PBXFileReference; lastKnownFileType = file.xib; path = CityViewController.xib; sourceTree = "<group>"; };
		344C013329360FD7001D7917 /* BaseResponse.swift */ = {isa = PBXFileReference; lastKnownFileType = sourcecode.swift; path = BaseResponse.swift; sourceTree = "<group>"; };
		344C013529361013001D7917 /* Weather.swift */ = {isa = PBXFileReference; lastKnownFileType = sourcecode.swift; path = Weather.swift; sourceTree = "<group>"; };
		344C013729361130001D7917 /* CityViewModel.swift */ = {isa = PBXFileReference; lastKnownFileType = sourcecode.swift; path = CityViewModel.swift; sourceTree = "<group>"; };
		349EA798295311A8008BE39C /* WeatherService.swift */ = {isa = PBXFileReference; lastKnownFileType = sourcecode.swift; path = WeatherService.swift; sourceTree = "<group>"; };
		349EA79A295311B3008BE39C /* SearchService.swift */ = {isa = PBXFileReference; lastKnownFileType = sourcecode.swift; path = SearchService.swift; sourceTree = "<group>"; };
		34A52CEC2938447700DD6890 /* WeatherEndpoint.swift */ = {isa = PBXFileReference; lastKnownFileType = sourcecode.swift; path = WeatherEndpoint.swift; sourceTree = "<group>"; };
		34A6CF3C293994E800E6F5AD /* Array+getElementMatching.swift */ = {isa = PBXFileReference; lastKnownFileType = sourcecode.swift; path = "Array+getElementMatching.swift"; sourceTree = "<group>"; };
		34A6CF3E2939AE2600E6F5AD /* ErrorResponse.swift */ = {isa = PBXFileReference; lastKnownFileType = sourcecode.swift; path = ErrorResponse.swift; sourceTree = "<group>"; };
		34A6CF402939BB1800E6F5AD /* UIViewController+showAlert.swift */ = {isa = PBXFileReference; lastKnownFileType = sourcecode.swift; path = "UIViewController+showAlert.swift"; sourceTree = "<group>"; };
		34A6CF42293A007400E6F5AD /* SearchViewModelTest.swift */ = {isa = PBXFileReference; lastKnownFileType = sourcecode.swift; path = SearchViewModelTest.swift; sourceTree = "<group>"; };
		34A8E1182936F3D1001E25BD /* UIImageView+loadFromUrl.swift */ = {isa = PBXFileReference; lastKnownFileType = sourcecode.swift; path = "UIImageView+loadFromUrl.swift"; sourceTree = "<group>"; };
		34A8E11A29370660001E25BD /* SearchViewModel.swift */ = {isa = PBXFileReference; lastKnownFileType = sourcecode.swift; path = SearchViewModel.swift; sourceTree = "<group>"; };
		34A8E11C29370AF3001E25BD /* City.swift */ = {isa = PBXFileReference; lastKnownFileType = sourcecode.swift; path = City.swift; sourceTree = "<group>"; };
		34A8E11E29375D87001E25BD /* BaseEndpoint.swift */ = {isa = PBXFileReference; lastKnownFileType = sourcecode.swift; path = BaseEndpoint.swift; sourceTree = "<group>"; };
		34A8E12129375F08001E25BD /* SearchEndpoint.swift */ = {isa = PBXFileReference; lastKnownFileType = sourcecode.swift; path = SearchEndpoint.swift; sourceTree = "<group>"; };
		34AA889F293DD25D00865A98 /* String+handleWhiteSpace.swift */ = {isa = PBXFileReference; lastKnownFileType = sourcecode.swift; path = "String+handleWhiteSpace.swift"; sourceTree = "<group>"; };
		34ACD97929541BFC0089947C /* UserDefaultsHelper.swift */ = {isa = PBXFileReference; lastKnownFileType = sourcecode.swift; path = UserDefaultsHelper.swift; sourceTree = "<group>"; };
		34ACD97C29541C2E0089947C /* UserDefaultsKey.swift */ = {isa = PBXFileReference; lastKnownFileType = sourcecode.swift; path = UserDefaultsKey.swift; sourceTree = "<group>"; };
		34BA27AB2950152B00DBFC47 /* String+subscript.swift */ = {isa = PBXFileReference; lastKnownFileType = sourcecode.swift; path = "String+subscript.swift"; sourceTree = "<group>"; };
		34BA27AD29501E8000DBFC47 /* UIViewController+keyboard.swift */ = {isa = PBXFileReference; lastKnownFileType = sourcecode.swift; path = "UIViewController+keyboard.swift"; sourceTree = "<group>"; };
		34C8417E293F3554009E732B /* NetworkTests.swift */ = {isa = PBXFileReference; lastKnownFileType = sourcecode.swift; path = NetworkTests.swift; sourceTree = "<group>"; };
/* End PBXFileReference section */

/* Begin PBXFrameworksBuildPhase section */
		344C00F02935B4B5001D7917 /* Frameworks */ = {
			isa = PBXFrameworksBuildPhase;
			buildActionMask = 2147483647;
			files = (
			);
			runOnlyForDeploymentPostprocessing = 0;
		};
		344C01062935B4B6001D7917 /* Frameworks */ = {
			isa = PBXFrameworksBuildPhase;
			buildActionMask = 2147483647;
			files = (
			);
			runOnlyForDeploymentPostprocessing = 0;
		};
/* End PBXFrameworksBuildPhase section */

/* Begin PBXGroup section */
		344C00EA2935B4B5001D7917 = {
			isa = PBXGroup;
			children = (
				344C00F52935B4B5001D7917 /* WeatherApp */,
				344C010C2935B4B6001D7917 /* WeatherAppTests */,
				344C00F42935B4B5001D7917 /* Products */,
			);
			sourceTree = "<group>";
		};
		344C00F42935B4B5001D7917 /* Products */ = {
			isa = PBXGroup;
			children = (
				344C00F32935B4B5001D7917 /* WeatherApp.app */,
				344C01092935B4B6001D7917 /* WeatherAppTests.xctest */,
			);
			name = Products;
			sourceTree = "<group>";
		};
		344C00F52935B4B5001D7917 /* WeatherApp */ = {
			isa = PBXGroup;
			children = (
				344C012A2935C620001D7917 /* AppDelegate */,
				344C01292935C2C8001D7917 /* Network */,
				344C01272935C28A001D7917 /* Model */,
				344C01262935C275001D7917 /* UI */,
				344C01282935C295001D7917 /* Utils */,
				344C00FF2935B4B6001D7917 /* Assets.xcassets */,
				344C01012935B4B6001D7917 /* LaunchScreen.storyboard */,
				344C01042935B4B6001D7917 /* Info.plist */,
			);
			path = WeatherApp;
			sourceTree = "<group>";
		};
		344C010C2935B4B6001D7917 /* WeatherAppTests */ = {
			isa = PBXGroup;
			children = (
				344C010D2935B4B6001D7917 /* CityViewModelTests.swift */,
				34A6CF42293A007400E6F5AD /* SearchViewModelTest.swift */,
				34C8417E293F3554009E732B /* NetworkTests.swift */,
			);
			path = WeatherAppTests;
			sourceTree = "<group>";
		};
		344C01262935C275001D7917 /* UI */ = {
			isa = PBXGroup;
			children = (
				344C012E2935DE80001D7917 /* City */,
				344C012D2935DE71001D7917 /* Home */,
			);
			path = UI;
			sourceTree = "<group>";
		};
		344C01272935C28A001D7917 /* Model */ = {
			isa = PBXGroup;
			children = (
				34ACD97B29541C1B0089947C /* UserDefaults */,
				34ACD97729541B800089947C /* DataMapping */,
			);
			path = Model;
			sourceTree = "<group>";
		};
		344C01282935C295001D7917 /* Utils */ = {
			isa = PBXGroup;
			children = (
				34A8E1182936F3D1001E25BD /* UIImageView+loadFromUrl.swift */,
				34A6CF3C293994E800E6F5AD /* Array+getElementMatching.swift */,
				34A6CF402939BB1800E6F5AD /* UIViewController+showAlert.swift */,
				34BA27AD29501E8000DBFC47 /* UIViewController+keyboard.swift */,
				34AA889F293DD25D00865A98 /* String+handleWhiteSpace.swift */,
				34BA27AB2950152B00DBFC47 /* String+subscript.swift */,
			);
			path = Utils;
			sourceTree = "<group>";
		};
		344C01292935C2C8001D7917 /* Network */ = {
			isa = PBXGroup;
			children = (
				344C012B2935C79B001D7917 /* Network.swift */,
				349EA7972953112C008BE39C /* Endpoint */,
				34A8E12029375D8C001E25BD /* Service */,
			);
			path = Network;
			sourceTree = "<group>";
		};
		344C012A2935C620001D7917 /* AppDelegate */ = {
			isa = PBXGroup;
			children = (
				344C00F62935B4B6001D7917 /* AppDelegate.swift */,
				344C00F82935B4B6001D7917 /* SceneDelegate.swift */,
			);
			path = AppDelegate;
			sourceTree = "<group>";
		};
		344C012D2935DE71001D7917 /* Home */ = {
			isa = PBXGroup;
			children = (
				34A8E11A29370660001E25BD /* SearchViewModel.swift */,
				344C00FA2935B4B6001D7917 /* ViewController.swift */,
				344C00FC2935B4B6001D7917 /* Main.storyboard */,
			);
			path = Home;
			sourceTree = "<group>";
		};
		344C012E2935DE80001D7917 /* City */ = {
			isa = PBXGroup;
			children = (
				344C013729361130001D7917 /* CityViewModel.swift */,
				344C012F2935DEA1001D7917 /* CityViewController.swift */,
				344C01302935DEA1001D7917 /* CityViewController.xib */,
			);
			path = City;
			sourceTree = "<group>";
		};
		349EA7972953112C008BE39C /* Endpoint */ = {
			isa = PBXGroup;
			children = (
				34A8E11E29375D87001E25BD /* BaseEndpoint.swift */,
				34A8E12129375F08001E25BD /* SearchEndpoint.swift */,
				34A52CEC2938447700DD6890 /* WeatherEndpoint.swift */,
			);
			path = Endpoint;
			sourceTree = "<group>";
		};
		34A8E12029375D8C001E25BD /* Service */ = {
			isa = PBXGroup;
			children = (
				349EA798295311A8008BE39C /* WeatherService.swift */,
				349EA79A295311B3008BE39C /* SearchService.swift */,
			);
			path = Service;
			sourceTree = "<group>";
		};
		34ACD97729541B800089947C /* DataMapping */ = {
			isa = PBXGroup;
			children = (
				344C013329360FD7001D7917 /* BaseResponse.swift */,
				34A6CF3E2939AE2600E6F5AD /* ErrorResponse.swift */,
				34A8E11C29370AF3001E25BD /* City.swift */,
				344C013529361013001D7917 /* Weather.swift */,
			);
			path = DataMapping;
			sourceTree = "<group>";
		};
		34ACD97B29541C1B0089947C /* UserDefaults */ = {
			isa = PBXGroup;
			children = (
				34ACD97C29541C2E0089947C /* UserDefaultsKey.swift */,
				34ACD97929541BFC0089947C /* UserDefaultsHelper.swift */,
			);
			path = UserDefaults;
			sourceTree = "<group>";
		};
/* End PBXGroup section */

/* Begin PBXNativeTarget section */
		344C00F22935B4B5001D7917 /* WeatherApp */ = {
			isa = PBXNativeTarget;
			buildConfigurationList = 344C011D2935B4B6001D7917 /* Build configuration list for PBXNativeTarget "WeatherApp" */;
			buildPhases = (
				344C00EF2935B4B5001D7917 /* Sources */,
				344C00F02935B4B5001D7917 /* Frameworks */,
				344C00F12935B4B5001D7917 /* Resources */,
			);
			buildRules = (
			);
			dependencies = (
			);
			name = WeatherApp;
			productName = WeatherApp;
			productReference = 344C00F32935B4B5001D7917 /* WeatherApp.app */;
			productType = "com.apple.product-type.application";
		};
		344C01082935B4B6001D7917 /* WeatherAppTests */ = {
			isa = PBXNativeTarget;
			buildConfigurationList = 344C01202935B4B6001D7917 /* Build configuration list for PBXNativeTarget "WeatherAppTests" */;
			buildPhases = (
				344C01052935B4B6001D7917 /* Sources */,
				344C01062935B4B6001D7917 /* Frameworks */,
				344C01072935B4B6001D7917 /* Resources */,
			);
			buildRules = (
			);
			dependencies = (
				344C010B2935B4B6001D7917 /* PBXTargetDependency */,
			);
			name = WeatherAppTests;
			productName = WeatherAppTests;
			productReference = 344C01092935B4B6001D7917 /* WeatherAppTests.xctest */;
			productType = "com.apple.product-type.bundle.unit-test";
		};
/* End PBXNativeTarget section */

/* Begin PBXProject section */
		344C00EB2935B4B5001D7917 /* Project object */ = {
			isa = PBXProject;
			attributes = {
				BuildIndependentTargetsInParallel = 1;
				LastSwiftUpdateCheck = 1410;
				LastUpgradeCheck = 1410;
				TargetAttributes = {
					344C00F22935B4B5001D7917 = {
						CreatedOnToolsVersion = 14.1;
					};
					344C01082935B4B6001D7917 = {
						CreatedOnToolsVersion = 14.1;
						TestTargetID = 344C00F22935B4B5001D7917;
					};
				};
			};
			buildConfigurationList = 344C00EE2935B4B5001D7917 /* Build configuration list for PBXProject "WeatherApp" */;
			compatibilityVersion = "Xcode 13.0";
			developmentRegion = en;
			hasScannedForEncodings = 0;
			knownRegions = (
				en,
				Base,
			);
			mainGroup = 344C00EA2935B4B5001D7917;
			productRefGroup = 344C00F42935B4B5001D7917 /* Products */;
			projectDirPath = "";
			projectRoot = "";
			targets = (
				344C00F22935B4B5001D7917 /* WeatherApp */,
				344C01082935B4B6001D7917 /* WeatherAppTests */,
			);
		};
/* End PBXProject section */

/* Begin PBXResourcesBuildPhase section */
		344C00F12935B4B5001D7917 /* Resources */ = {
			isa = PBXResourcesBuildPhase;
			buildActionMask = 2147483647;
			files = (
				344C01032935B4B6001D7917 /* LaunchScreen.storyboard in Resources */,
				344C01002935B4B6001D7917 /* Assets.xcassets in Resources */,
				344C00FE2935B4B6001D7917 /* Main.storyboard in Resources */,
				344C01322935DEA1001D7917 /* CityViewController.xib in Resources */,
			);
			runOnlyForDeploymentPostprocessing = 0;
		};
		344C01072935B4B6001D7917 /* Resources */ = {
			isa = PBXResourcesBuildPhase;
			buildActionMask = 2147483647;
			files = (
			);
			runOnlyForDeploymentPostprocessing = 0;
		};
/* End PBXResourcesBuildPhase section */

/* Begin PBXSourcesBuildPhase section */
		344C00EF2935B4B5001D7917 /* Sources */ = {
			isa = PBXSourcesBuildPhase;
			buildActionMask = 2147483647;
			files = (
				34ACD97D29541C2E0089947C /* UserDefaultsKey.swift in Sources */,
				34A8E12229375F08001E25BD /* SearchEndpoint.swift in Sources */,
				344C00FB2935B4B6001D7917 /* ViewController.swift in Sources */,
				344C01312935DEA1001D7917 /* CityViewController.swift in Sources */,
				349EA79B295311B3008BE39C /* SearchService.swift in Sources */,
				344C00F72935B4B6001D7917 /* AppDelegate.swift in Sources */,
				344C013829361130001D7917 /* CityViewModel.swift in Sources */,
				344C013429360FD7001D7917 /* BaseResponse.swift in Sources */,
				34A52CED2938447700DD6890 /* WeatherEndpoint.swift in Sources */,
				34A6CF3F2939AE2600E6F5AD /* ErrorResponse.swift in Sources */,
				344C00F92935B4B6001D7917 /* SceneDelegate.swift in Sources */,
				34ACD97A29541BFC0089947C /* UserDefaultsHelper.swift in Sources */,
				34AA88A0293DD25D00865A98 /* String+handleWhiteSpace.swift in Sources */,
				34A6CF3D293994E800E6F5AD /* Array+getElementMatching.swift in Sources */,
				34A8E11B29370660001E25BD /* SearchViewModel.swift in Sources */,
				34BA27AC2950152B00DBFC47 /* String+subscript.swift in Sources */,
				349EA799295311A8008BE39C /* WeatherService.swift in Sources */,
				34A8E11D29370AF3001E25BD /* City.swift in Sources */,
				34A6CF412939BB1800E6F5AD /* UIViewController+showAlert.swift in Sources */,
				34BA27AE29501E8000DBFC47 /* UIViewController+keyboard.swift in Sources */,
				34A8E11F29375D87001E25BD /* BaseEndpoint.swift in Sources */,
				34A8E1192936F3D1001E25BD /* UIImageView+loadFromUrl.swift in Sources */,
				344C012C2935C79B001D7917 /* Network.swift in Sources */,
				344C013629361013001D7917 /* Weather.swift in Sources */,
			);
			runOnlyForDeploymentPostprocessing = 0;
		};
		344C01052935B4B6001D7917 /* Sources */ = {
			isa = PBXSourcesBuildPhase;
			buildActionMask = 2147483647;
			files = (
				34C8417F293F3554009E732B /* NetworkTests.swift in Sources */,
				34A6CF43293A007400E6F5AD /* SearchViewModelTest.swift in Sources */,
				344C010E2935B4B6001D7917 /* CityViewModelTests.swift in Sources */,
			);
			runOnlyForDeploymentPostprocessing = 0;
		};
/* End PBXSourcesBuildPhase section */

/* Begin PBXTargetDependency section */
		344C010B2935B4B6001D7917 /* PBXTargetDependency */ = {
			isa = PBXTargetDependency;
			target = 344C00F22935B4B5001D7917 /* WeatherApp */;
			targetProxy = 344C010A2935B4B6001D7917 /* PBXContainerItemProxy */;
		};
/* End PBXTargetDependency section */

/* Begin PBXVariantGroup section */
		344C00FC2935B4B6001D7917 /* Main.storyboard */ = {
			isa = PBXVariantGroup;
			children = (
				344C00FD2935B4B6001D7917 /* Base */,
			);
			name = Main.storyboard;
			sourceTree = "<group>";
		};
		344C01012935B4B6001D7917 /* LaunchScreen.storyboard */ = {
			isa = PBXVariantGroup;
			children = (
				344C01022935B4B6001D7917 /* Base */,
			);
			name = LaunchScreen.storyboard;
			sourceTree = "<group>";
		};
/* End PBXVariantGroup section */

/* Begin XCBuildConfiguration section */
		344C011B2935B4B6001D7917 /* Debug */ = {
			isa = XCBuildConfiguration;
			buildSettings = {
				ALWAYS_SEARCH_USER_PATHS = NO;
				CLANG_ANALYZER_NONNULL = YES;
				CLANG_ANALYZER_NUMBER_OBJECT_CONVERSION = YES_AGGRESSIVE;
				CLANG_CXX_LANGUAGE_STANDARD = "gnu++20";
				CLANG_ENABLE_MODULES = YES;
				CLANG_ENABLE_OBJC_ARC = YES;
				CLANG_ENABLE_OBJC_WEAK = YES;
				CLANG_WARN_BLOCK_CAPTURE_AUTORELEASING = YES;
				CLANG_WARN_BOOL_CONVERSION = YES;
				CLANG_WARN_COMMA = YES;
				CLANG_WARN_CONSTANT_CONVERSION = YES;
				CLANG_WARN_DEPRECATED_OBJC_IMPLEMENTATIONS = YES;
				CLANG_WARN_DIRECT_OBJC_ISA_USAGE = YES_ERROR;
				CLANG_WARN_DOCUMENTATION_COMMENTS = YES;
				CLANG_WARN_EMPTY_BODY = YES;
				CLANG_WARN_ENUM_CONVERSION = YES;
				CLANG_WARN_INFINITE_RECURSION = YES;
				CLANG_WARN_INT_CONVERSION = YES;
				CLANG_WARN_NON_LITERAL_NULL_CONVERSION = YES;
				CLANG_WARN_OBJC_IMPLICIT_RETAIN_SELF = YES;
				CLANG_WARN_OBJC_LITERAL_CONVERSION = YES;
				CLANG_WARN_OBJC_ROOT_CLASS = YES_ERROR;
				CLANG_WARN_QUOTED_INCLUDE_IN_FRAMEWORK_HEADER = YES;
				CLANG_WARN_RANGE_LOOP_ANALYSIS = YES;
				CLANG_WARN_STRICT_PROTOTYPES = YES;
				CLANG_WARN_SUSPICIOUS_MOVE = YES;
				CLANG_WARN_UNGUARDED_AVAILABILITY = YES_AGGRESSIVE;
				CLANG_WARN_UNREACHABLE_CODE = YES;
				CLANG_WARN__DUPLICATE_METHOD_MATCH = YES;
				COPY_PHASE_STRIP = NO;
				DEBUG_INFORMATION_FORMAT = dwarf;
				ENABLE_STRICT_OBJC_MSGSEND = YES;
				ENABLE_TESTABILITY = YES;
				GCC_C_LANGUAGE_STANDARD = gnu11;
				GCC_DYNAMIC_NO_PIC = NO;
				GCC_NO_COMMON_BLOCKS = YES;
				GCC_OPTIMIZATION_LEVEL = 0;
				GCC_PREPROCESSOR_DEFINITIONS = (
					"DEBUG=1",
					"$(inherited)",
				);
				GCC_WARN_64_TO_32_BIT_CONVERSION = YES;
				GCC_WARN_ABOUT_RETURN_TYPE = YES_ERROR;
				GCC_WARN_UNDECLARED_SELECTOR = YES;
				GCC_WARN_UNINITIALIZED_AUTOS = YES_AGGRESSIVE;
				GCC_WARN_UNUSED_FUNCTION = YES;
				GCC_WARN_UNUSED_VARIABLE = YES;
				IPHONEOS_DEPLOYMENT_TARGET = 16.1;
				MTL_ENABLE_DEBUG_INFO = INCLUDE_SOURCE;
				MTL_FAST_MATH = YES;
				ONLY_ACTIVE_ARCH = YES;
				SDKROOT = iphoneos;
				SWIFT_ACTIVE_COMPILATION_CONDITIONS = DEBUG;
				SWIFT_OPTIMIZATION_LEVEL = "-Onone";
			};
			name = Debug;
		};
		344C011C2935B4B6001D7917 /* Release */ = {
			isa = XCBuildConfiguration;
			buildSettings = {
				ALWAYS_SEARCH_USER_PATHS = NO;
				CLANG_ANALYZER_NONNULL = YES;
				CLANG_ANALYZER_NUMBER_OBJECT_CONVERSION = YES_AGGRESSIVE;
				CLANG_CXX_LANGUAGE_STANDARD = "gnu++20";
				CLANG_ENABLE_MODULES = YES;
				CLANG_ENABLE_OBJC_ARC = YES;
				CLANG_ENABLE_OBJC_WEAK = YES;
				CLANG_WARN_BLOCK_CAPTURE_AUTORELEASING = YES;
				CLANG_WARN_BOOL_CONVERSION = YES;
				CLANG_WARN_COMMA = YES;
				CLANG_WARN_CONSTANT_CONVERSION = YES;
				CLANG_WARN_DEPRECATED_OBJC_IMPLEMENTATIONS = YES;
				CLANG_WARN_DIRECT_OBJC_ISA_USAGE = YES_ERROR;
				CLANG_WARN_DOCUMENTATION_COMMENTS = YES;
				CLANG_WARN_EMPTY_BODY = YES;
				CLANG_WARN_ENUM_CONVERSION = YES;
				CLANG_WARN_INFINITE_RECURSION = YES;
				CLANG_WARN_INT_CONVERSION = YES;
				CLANG_WARN_NON_LITERAL_NULL_CONVERSION = YES;
				CLANG_WARN_OBJC_IMPLICIT_RETAIN_SELF = YES;
				CLANG_WARN_OBJC_LITERAL_CONVERSION = YES;
				CLANG_WARN_OBJC_ROOT_CLASS = YES_ERROR;
				CLANG_WARN_QUOTED_INCLUDE_IN_FRAMEWORK_HEADER = YES;
				CLANG_WARN_RANGE_LOOP_ANALYSIS = YES;
				CLANG_WARN_STRICT_PROTOTYPES = YES;
				CLANG_WARN_SUSPICIOUS_MOVE = YES;
				CLANG_WARN_UNGUARDED_AVAILABILITY = YES_AGGRESSIVE;
				CLANG_WARN_UNREACHABLE_CODE = YES;
				CLANG_WARN__DUPLICATE_METHOD_MATCH = YES;
				COPY_PHASE_STRIP = NO;
				DEBUG_INFORMATION_FORMAT = "dwarf-with-dsym";
				ENABLE_NS_ASSERTIONS = NO;
				ENABLE_STRICT_OBJC_MSGSEND = YES;
				GCC_C_LANGUAGE_STANDARD = gnu11;
				GCC_NO_COMMON_BLOCKS = YES;
				GCC_WARN_64_TO_32_BIT_CONVERSION = YES;
				GCC_WARN_ABOUT_RETURN_TYPE = YES_ERROR;
				GCC_WARN_UNDECLARED_SELECTOR = YES;
				GCC_WARN_UNINITIALIZED_AUTOS = YES_AGGRESSIVE;
				GCC_WARN_UNUSED_FUNCTION = YES;
				GCC_WARN_UNUSED_VARIABLE = YES;
				IPHONEOS_DEPLOYMENT_TARGET = 16.1;
				MTL_ENABLE_DEBUG_INFO = NO;
				MTL_FAST_MATH = YES;
				SDKROOT = iphoneos;
				SWIFT_COMPILATION_MODE = wholemodule;
				SWIFT_OPTIMIZATION_LEVEL = "-O";
				VALIDATE_PRODUCT = YES;
			};
			name = Release;
		};
		344C011E2935B4B6001D7917 /* Debug */ = {
			isa = XCBuildConfiguration;
			buildSettings = {
				ASSETCATALOG_COMPILER_APPICON_NAME = AppIcon;
				ASSETCATALOG_COMPILER_GLOBAL_ACCENT_COLOR_NAME = AccentColor;
				CODE_SIGN_STYLE = Automatic;
				CURRENT_PROJECT_VERSION = 1;
				DEVELOPMENT_TEAM = 5J7A25VTZK;
				GENERATE_INFOPLIST_FILE = YES;
				INFOPLIST_FILE = WeatherApp/Info.plist;
				INFOPLIST_KEY_UIApplicationSupportsIndirectInputEvents = YES;
				INFOPLIST_KEY_UILaunchStoryboardName = LaunchScreen;
				INFOPLIST_KEY_UIMainStoryboardFile = Main;
				INFOPLIST_KEY_UISupportedInterfaceOrientations_iPad = "UIInterfaceOrientationPortrait UIInterfaceOrientationPortraitUpsideDown UIInterfaceOrientationLandscapeLeft UIInterfaceOrientationLandscapeRight";
				INFOPLIST_KEY_UISupportedInterfaceOrientations_iPhone = "UIInterfaceOrientationPortrait UIInterfaceOrientationLandscapeLeft UIInterfaceOrientationLandscapeRight";
				IPHONEOS_DEPLOYMENT_TARGET = 14.1;
				LD_RUNPATH_SEARCH_PATHS = (
					"$(inherited)",
					"@executable_path/Frameworks",
				);
				MARKETING_VERSION = 1.0;
				PRODUCT_BUNDLE_IDENTIFIER = com.Don.WeatherApp;
				PRODUCT_NAME = "$(TARGET_NAME)";
				SWIFT_EMIT_LOC_STRINGS = YES;
				SWIFT_VERSION = 5.0;
				TARGETED_DEVICE_FAMILY = "1,2";
			};
			name = Debug;
		};
		344C011F2935B4B6001D7917 /* Release */ = {
			isa = XCBuildConfiguration;
			buildSettings = {
				ASSETCATALOG_COMPILER_APPICON_NAME = AppIcon;
				ASSETCATALOG_COMPILER_GLOBAL_ACCENT_COLOR_NAME = AccentColor;
				CODE_SIGN_STYLE = Automatic;
				CURRENT_PROJECT_VERSION = 1;
				DEVELOPMENT_TEAM = 5J7A25VTZK;
				GENERATE_INFOPLIST_FILE = YES;
				INFOPLIST_FILE = WeatherApp/Info.plist;
				INFOPLIST_KEY_UIApplicationSupportsIndirectInputEvents = YES;
				INFOPLIST_KEY_UILaunchStoryboardName = LaunchScreen;
				INFOPLIST_KEY_UIMainStoryboardFile = Main;
				INFOPLIST_KEY_UISupportedInterfaceOrientations_iPad = "UIInterfaceOrientationPortrait UIInterfaceOrientationPortraitUpsideDown UIInterfaceOrientationLandscapeLeft UIInterfaceOrientationLandscapeRight";
				INFOPLIST_KEY_UISupportedInterfaceOrientations_iPhone = "UIInterfaceOrientationPortrait UIInterfaceOrientationLandscapeLeft UIInterfaceOrientationLandscapeRight";
				IPHONEOS_DEPLOYMENT_TARGET = 14.1;
				LD_RUNPATH_SEARCH_PATHS = (
					"$(inherited)",
					"@executable_path/Frameworks",
				);
				MARKETING_VERSION = 1.0;
				PRODUCT_BUNDLE_IDENTIFIER = com.Don.WeatherApp;
				PRODUCT_NAME = "$(TARGET_NAME)";
				SWIFT_EMIT_LOC_STRINGS = YES;
				SWIFT_VERSION = 5.0;
				TARGETED_DEVICE_FAMILY = "1,2";
			};
			name = Release;
		};
		344C01212935B4B6001D7917 /* Debug */ = {
			isa = XCBuildConfiguration;
			buildSettings = {
				ALWAYS_EMBED_SWIFT_STANDARD_LIBRARIES = YES;
				BUNDLE_LOADER = "$(TEST_HOST)";
				CODE_SIGN_STYLE = Automatic;
				CURRENT_PROJECT_VERSION = 1;
				GENERATE_INFOPLIST_FILE = YES;
				IPHONEOS_DEPLOYMENT_TARGET = 14.1;
				MARKETING_VERSION = 1.0;
				PRODUCT_BUNDLE_IDENTIFIER = com.Don.WeatherAppTests;
				PRODUCT_NAME = "$(TARGET_NAME)";
				SWIFT_EMIT_LOC_STRINGS = NO;
				SWIFT_VERSION = 5.0;
				TARGETED_DEVICE_FAMILY = "1,2";
				TEST_HOST = "$(BUILT_PRODUCTS_DIR)/WeatherApp.app/$(BUNDLE_EXECUTABLE_FOLDER_PATH)/WeatherApp";
			};
			name = Debug;
		};
		344C01222935B4B6001D7917 /* Release */ = {
			isa = XCBuildConfiguration;
			buildSettings = {
				ALWAYS_EMBED_SWIFT_STANDARD_LIBRARIES = YES;
				BUNDLE_LOADER = "$(TEST_HOST)";
				CODE_SIGN_STYLE = Automatic;
				CURRENT_PROJECT_VERSION = 1;
				GENERATE_INFOPLIST_FILE = YES;
				IPHONEOS_DEPLOYMENT_TARGET = 14.1;
				MARKETING_VERSION = 1.0;
				PRODUCT_BUNDLE_IDENTIFIER = com.Don.WeatherAppTests;
				PRODUCT_NAME = "$(TARGET_NAME)";
				SWIFT_EMIT_LOC_STRINGS = NO;
				SWIFT_VERSION = 5.0;
				TARGETED_DEVICE_FAMILY = "1,2";
				TEST_HOST = "$(BUILT_PRODUCTS_DIR)/WeatherApp.app/$(BUNDLE_EXECUTABLE_FOLDER_PATH)/WeatherApp";
			};
			name = Release;
		};
/* End XCBuildConfiguration section */

/* Begin XCConfigurationList section */
		344C00EE2935B4B5001D7917 /* Build configuration list for PBXProject "WeatherApp" */ = {
			isa = XCConfigurationList;
			buildConfigurations = (
				344C011B2935B4B6001D7917 /* Debug */,
				344C011C2935B4B6001D7917 /* Release */,
			);
			defaultConfigurationIsVisible = 0;
			defaultConfigurationName = Release;
		};
		344C011D2935B4B6001D7917 /* Build configuration list for PBXNativeTarget "WeatherApp" */ = {
			isa = XCConfigurationList;
			buildConfigurations = (
				344C011E2935B4B6001D7917 /* Debug */,
				344C011F2935B4B6001D7917 /* Release */,
			);
			defaultConfigurationIsVisible = 0;
			defaultConfigurationName = Release;
		};
		344C01202935B4B6001D7917 /* Build configuration list for PBXNativeTarget "WeatherAppTests" */ = {
			isa = XCConfigurationList;
			buildConfigurations = (
				344C01212935B4B6001D7917 /* Debug */,
				344C01222935B4B6001D7917 /* Release */,
			);
			defaultConfigurationIsVisible = 0;
			defaultConfigurationName = Release;
		};
/* End XCConfigurationList section */
	};
	rootObject = 344C00EB2935B4B5001D7917 /* Project object */;
}
